
Microsoft Visual Studio Solution File, Format Version 12.00
# Visual Studio Version 17
VisualStudioVersion = 17.14.36915.13 d17.14
MinimumVisualStudioVersion = 10.0.40219.1
Project("{FAE04EC0-301F-11D3-BF4B-00C04F79EFBC}") = "DI_Service_Lifetime", "DI_Service_Lifetime\DI_Service_Lifetime.csproj", "{8F74F179-9EB2-4974-9E7A-94D2B3F38E19}"
EndProject
Global
	GlobalSection(SolutionConfigurationPlatforms) = preSolution
		Debug|Any CPU = Debug|Any CPU
		Release|Any CPU = Release|Any CPU
	EndGlobalSection
	GlobalSection(ProjectConfigurationPlatforms) = postSolution
		{8F74F179-9EB2-4974-9E7A-94D2B3F38E19}.Debug|Any CPU.ActiveCfg = Debug|Any CPU
		{8F74F179-9EB2-4974-9E7A-94D2B3F38E19}.Debug|Any CPU.Build.0 = Debug|Any CPU
		{8F74F179-9EB2-4974-9E7A-94D2B3F38E19}.Release|Any CPU.ActiveCfg = Release|Any CPU
		{8F74F179-9EB2-4974-9E7A-94D2B3F38E19}.Release|Any CPU.Build.0 = Release|Any CPU
	EndGlobalSection
	GlobalSection(SolutionProperties) = preSolution
		HideSolutionNode = FALSE
	EndGlobalSection
	GlobalSection(ExtensibilityGlobals) = postSolution
		SolutionGuid = {8816CB7B-08DA-4FBF-BD09-CB773259CCAE}
	EndGlobalSection
EndGlobal
